
Microsoft Visual Studio Solution File, Format Version 12.00
# Visual Studio 15
VisualStudioVersion = 15.0.28307.489
MinimumVisualStudioVersion = 10.0.40219.1
Project("{FAE04EC0-301F-11D3-BF4B-00C04F79EFBC}") = "Lab2", "Lab2\Lab2.csproj", "{884EF2D6-74D9-4A25-83E7-CB732CDA8964}"
EndProject
Global
	GlobalSection(SolutionConfigurationPlatforms) = preSolution
		Debug|Any CPU = Debug|Any CPU
		Release|Any CPU = Release|Any CPU
	EndGlobalSection
	GlobalSection(ProjectConfigurationPlatforms) = postSolution
		{884EF2D6-74D9-4A25-83E7-CB732CDA8964}.Debug|Any CPU.ActiveCfg = Debug|Any CPU
		{884EF2D6-74D9-4A25-83E7-CB732CDA8964}.Debug|Any CPU.Build.0 = Debug|Any CPU
		{884EF2D6-74D9-4A25-83E7-CB732CDA8964}.Release|Any CPU.ActiveCfg = Release|Any CPU
		{884EF2D6-74D9-4A25-83E7-CB732CDA8964}.Release|Any CPU.Build.0 = Release|Any CPU
	EndGlobalSection
	GlobalSection(SolutionProperties) = preSolution
		HideSolutionNode = FALSE
	EndGlobalSection
	GlobalSection(ExtensibilityGlobals) = postSolution
		SolutionGuid = {BCD4126A-85CF-42F0-A3FD-700CDFFE0676}
	EndGlobalSection
EndGlobal
